// !$*UTF8*$!
{
	archiveVersion = 1;
	classes = {
	};
	objectVersion = 46;
	objects = {

/* Begin PBXBuildFile section */
		652D9DB41D2A702900DE4B61 /* Human_Fart.mp3 in Resources */ = {isa = PBXBuildFile; fileRef = 652D9DB31D2A702900DE4B61 /* Human_Fart.mp3 */; };
		653572CD1D1E8C9300C67246 /* AppDelegate.swift in Sources */ = {isa = PBXBuildFile; fileRef = 653572CC1D1E8C9300C67246 /* AppDelegate.swift */; };
		653572CF1D1E8C9300C67246 /* ViewController.swift in Sources */ = {isa = PBXBuildFile; fileRef = 653572CE1D1E8C9300C67246 /* ViewController.swift */; };
		653572D21D1E8C9300C67246 /* Main.storyboard in Resources */ = {isa = PBXBuildFile; fileRef = 653572D01D1E8C9300C67246 /* Main.storyboard */; };
		653572D41D1E8C9300C67246 /* Assets.xcassets in Resources */ = {isa = PBXBuildFile; fileRef = 653572D31D1E8C9300C67246 /* Assets.xcassets */; };
		653572D71D1E8C9300C67246 /* LaunchScreen.storyboard in Resources */ = {isa = PBXBuildFile; fileRef = 653572D51D1E8C9300C67246 /* LaunchScreen.storyboard */; };
/* End PBXBuildFile section */

/* Begin PBXFileReference section */
		652D9DB31D2A702900DE4B61 /* Human_Fart.mp3 */ = {isa = PBXFileReference; lastKnownFileType = audio.mp3; path = Human_Fart.mp3; sourceTree = "<group>"; };
		653572C91D1E8C9300C67246 /* Mischievous.app */ = {isa = PBXFileReference; explicitFileType = wrapper.application; includeInIndex = 0; path = Mischievous.app; sourceTree = BUILT_PRODUCTS_DIR; };
		653572CC1D1E8C9300C67246 /* AppDelegate.swift */ = {isa = PBXFileReference; lastKnownFileType = sourcecode.swift; path = AppDelegate.swift; sourceTree = "<group>"; };
		653572CE1D1E8C9300C67246 /* ViewController.swift */ = {isa = PBXFileReference; lastKnownFileType = sourcecode.swift; path = ViewController.swift; sourceTree = "<group>"; };
		653572D11D1E8C9300C67246 /* Base */ = {isa = PBXFileReference; lastKnownFileType = file.storyboard; name = Base; path = Base.lproj/Main.storyboard; sourceTree = "<group>"; };
		653572D31D1E8C9300C67246 /* Assets.xcassets */ = {isa = PBXFileReference; lastKnownFileType = folder.assetcatalog; path = Assets.xcassets; sourceTree = "<group>"; };
		653572D61D1E8C9300C67246 /* Base */ = {isa = PBXFileReference; lastKnownFileType = file.storyboard; name = Base; path = Base.lproj/LaunchScreen.storyboard; sourceTree = "<group>"; };
		653572D81D1E8C9300C67246 /* Info.plist */ = {isa = PBXFileReference; lastKnownFileType = text.plist.xml; path = Info.plist; sourceTree = "<group>"; };
/* End PBXFileReference section */

/* Begin PBXFrameworksBuildPhase section */
		653572C61D1E8C9300C67246 /* Frameworks */ = {
			isa = PBXFrameworksBuildPhase;
			buildActionMask = 2147483647;
			files = (
			);
			runOnlyForDeploymentPostprocessing = 0;
		};
/* End PBXFrameworksBuildPhase section */

/* Begin PBXGroup section */
		653572C01D1E8C9300C67246 = {
			isa = PBXGroup;
			children = (
				653572CB1D1E8C9300C67246 /* Mischievous */,
				653572CA1D1E8C9300C67246 /* Products */,
			);
			sourceTree = "<group>";
		};
		653572CA1D1E8C9300C67246 /* Products */ = {
			isa = PBXGroup;
			children = (
				653572C91D1E8C9300C67246 /* Mischievous.app */,
			);
			name = Products;
			sourceTree = "<group>";
		};
		653572CB1D1E8C9300C67246 /* Mischievous */ = {
			isa = PBXGroup;
			children = (
				653572CC1D1E8C9300C67246 /* AppDelegate.swift */,
				653572CE1D1E8C9300C67246 /* ViewController.swift */,
				653572D01D1E8C9300C67246 /* Main.storyboard */,
				653572D31D1E8C9300C67246 /* Assets.xcassets */,
				652D9DB31D2A702900DE4B61 /* Human_Fart.mp3 */,
				653572D51D1E8C9300C67246 /* LaunchScreen.storyboard */,
				653572D81D1E8C9300C67246 /* Info.plist */,
			);
			path = Mischievous;
			sourceTree = "<group>";
		};
/* End PBXGroup section */

/* Begin PBXNativeTarget section */
		653572C81D1E8C9300C67246 /* Mischievous */ = {
			isa = PBXNativeTarget;
			buildConfigurationList = 653572DB1D1E8C9300C67246 /* Build configuration list for PBXNativeTarget "Mischievous" */;
			buildPhases = (
				653572C51D1E8C9300C67246 /* Sources */,
				653572C61D1E8C9300C67246 /* Frameworks */,
				653572C71D1E8C9300C67246 /* Resources */,
			);
			buildRules = (
			);
			dependencies = (
			);
			name = Mischievous;
			productName = Mischievous;
			productReference = 653572C91D1E8C9300C67246 /* Mischievous.app */;
			productType = "com.apple.product-type.application";
		};
/* End PBXNativeTarget section */

/* Begin PBXProject section */
		653572C11D1E8C9300C67246 /* Project object */ = {
			isa = PBXProject;
			attributes = {
				LastSwiftUpdateCheck = 0730;
				LastUpgradeCheck = 0730;
				ORGANIZATIONNAME = "Yohannes Wijaya";
				TargetAttributes = {
					653572C81D1E8C9300C67246 = {
						CreatedOnToolsVersion = 7.3.1;
					};
				};
			};
			buildConfigurationList = 653572C41D1E8C9300C67246 /* Build configuration list for PBXProject "Mischievous" */;
			compatibilityVersion = "Xcode 3.2";
			developmentRegion = English;
			hasScannedForEncodings = 0;
			knownRegions = (
				en,
				Base,
			);
			mainGroup = 653572C01D1E8C9300C67246;
			productRefGroup = 653572CA1D1E8C9300C67246 /* Products */;
			projectDirPath = "";
			projectRoot = "";
			targets = (
				653572C81D1E8C9300C67246 /* Mischievous */,
			);
		};
/* End PBXProject section */

/* Begin PBXResourcesBuildPhase section */
		653572C71D1E8C9300C67246 /* Resources */ = {
			isa = PBXResourcesBuildPhase;
			buildActionMask = 2147483647;
			files = (
				653572D71D1E8C9300C67246 /* LaunchScreen.storyboard in Resources */,
				652D9DB41D2A702900DE4B61 /* Human_Fart.mp3 in Resources */,
				653572D41D1E8C9300C67246 /* Assets.xcassets in Resources */,
				653572D21D1E8C9300C67246 /* Main.storyboard in Resources */,
			);
			runOnlyForDeploymentPostprocessing = 0;
		};
/* End PBXResourcesBuildPhase section */

/* Begin PBXSourcesBuildPhase section */
		653572C51D1E8C9300C67246 /* Sources */ = {
			isa = PBXSourcesBuildPhase;
			buildActionMask = 2147483647;
			files = (
				653572CF1D1E8C9300C67246 /* ViewController.swift in Sources */,
				653572CD1D1E8C9300C67246 /* AppDelegate.swift in Sources */,
			);
			runOnlyForDeploymentPostprocessing = 0;
		};
/* End PBXSourcesBuildPhase section */

/* Begin PBXVariantGroup section */
		653572D01D1E8C9300C67246 /* Main.storyboard */ = {
			isa = PBXVariantGroup;
			children = (
				653572D11D1E8C9300C67246 /* Base */,
			);
			name = Main.storyboard;
			sourceTree = "<group>";
		};
		653572D51D1E8C9300C67246 /* LaunchScreen.storyboard */ = {
			isa = PBXVariantGroup;
			children = (
				653572D61D1E8C9300C67246 /* Base */,
			);
			name = LaunchScreen.storyboard;
			sourceTree = "<group>";
		};
/* End PBXVariantGroup section */

/* Begin XCBuildConfiguration section */
		653572D91D1E8C9300C67246 /* Debug */ = {
			isa = XCBuildConfiguration;
			buildSettings = {
				ALWAYS_SEARCH_USER_PATHS = NO;
				CLANG_ANALYZER_NONNULL = YES;
				CLANG_CXX_LANGUAGE_STANDARD = "gnu++0x";
				CLANG_CXX_LIBRARY = "libc++";
				CLANG_ENABLE_MODULES = YES;
				CLANG_ENABLE_OBJC_ARC = YES;
				CLANG_WARN_BOOL_CONVERSION = YES;
				CLANG_WARN_CONSTANT_CONVERSION = YES;
				CLANG_WARN_DIRECT_OBJC_ISA_USAGE = YES_ERROR;
				CLANG_WARN_EMPTY_BODY = YES;
				CLANG_WARN_ENUM_CONVERSION = YES;
				CLANG_WARN_INT_CONVERSION = YES;
				CLANG_WARN_OBJC_ROOT_CLASS = YES_ERROR;
				CLANG_WARN_UNREACHABLE_CODE = YES;
				CLANG_WARN__DUPLICATE_METHOD_MATCH = YES;
				"CODE_SIGN_IDENTITY[sdk=iphoneos*]" = "iPhone Developer";
				COPY_PHASE_STRIP = NO;
				DEBUG_INFORMATION_FORMAT = dwarf;
				ENABLE_STRICT_OBJC_MSGSEND = YES;
				ENABLE_TESTABILITY = YES;
				GCC_C_LANGUAGE_STANDARD = gnu99;
				GCC_DYNAMIC_NO_PIC = NO;
				GCC_NO_COMMON_BLOCKS = YES;
				GCC_OPTIMIZATION_LEVEL = 0;
				GCC_PREPROCESSOR_DEFINITIONS = (
					"DEBUG=1",
					"$(inherited)",
				);
				GCC_WARN_64_TO_32_BIT_CONVERSION = YES;
				GCC_WARN_ABOUT_RETURN_TYPE = YES_ERROR;
				GCC_WARN_UNDECLARED_SELECTOR = YES;
				GCC_WARN_UNINITIALIZED_AUTOS = YES_AGGRESSIVE;
				GCC_WARN_UNUSED_FUNCTION = YES;
				GCC_WARN_UNUSED_VARIABLE = YES;
				IPHONEOS_DEPLOYMENT_TARGET = 9.3;
				MTL_ENABLE_DEBUG_INFO = YES;
				ONLY_ACTIVE_ARCH = YES;
				SDKROOT = iphoneos;
				SWIFT_OPTIMIZATION_LEVEL = "-Onone";
			};
			name = Debug;
		};
		653572DA1D1E8C9300C67246 /* Release */ = {
			isa = XCBuildConfiguration;
			buildSettings = {
				ALWAYS_SEARCH_USER_PATHS = NO;
				CLANG_ANALYZER_NONNULL = YES;
				CLANG_CXX_LANGUAGE_STANDARD = "gnu++0x";
				CLANG_CXX_LIBRARY = "libc++";
				CLANG_ENABLE_MODULES = YES;
				CLANG_ENABLE_OBJC_ARC = YES;
				CLANG_WARN_BOOL_CONVERSION = YES;
				CLANG_WARN_CONSTANT_CONVERSION = YES;
				CLANG_WARN_DIRECT_OBJC_ISA_USAGE = YES_ERROR;
				CLANG_WARN_EMPTY_BODY = YES;
				CLANG_WARN_ENUM_CONVERSION = YES;
				CLANG_WARN_INT_CONVERSION = YES;
				CLANG_WARN_OBJC_ROOT_CLASS = YES_ERROR;
				CLANG_WARN_UNREACHABLE_CODE = YES;
				CLANG_WARN__DUPLICATE_METHOD_MATCH = YES;
				"CODE_SIGN_IDENTITY[sdk=iphoneos*]" = "iPhone Developer";
				COPY_PHASE_STRIP = NO;
				DEBUG_INFORMATION_FORMAT = "dwarf-with-dsym";
				ENABLE_NS_ASSERTIONS = NO;
				ENABLE_STRICT_OBJC_MSGSEND = YES;
				GCC_C_LANGUAGE_STANDARD = gnu99;
				GCC_NO_COMMON_BLOCKS = YES;
				GCC_WARN_64_TO_32_BIT_CONVERSION = YES;
				GCC_WARN_ABOUT_RETURN_TYPE = YES_ERROR;
				GCC_WARN_UNDECLARED_SELECTOR = YES;
				GCC_WARN_UNINITIALIZED_AUTOS = YES_AGGRESSIVE;
				GCC_WARN_UNUSED_FUNCTION = YES;
				GCC_WARN_UNUSED_VARIABLE = YES;
				IPHONEOS_DEPLOYMENT_TARGET = 9.3;
				MTL_ENABLE_DEBUG_INFO = NO;
				SDKROOT = iphoneos;
				VALIDATE_PRODUCT = YES;
			};
			name = Release;
		};
		653572DC1D1E8C9300C67246 /* Debug */ = {
			isa = XCBuildConfiguration;
			buildSettings = {
				ASSETCATALOG_COMPILER_APPICON_NAME = AppIcon;
				INFOPLIST_FILE = Mischievous/Info.plist;
				LD_RUNPATH_SEARCH_PATHS = "$(inherited) @executable_path/Frameworks";
				PRODUCT_BUNDLE_IDENTIFIER = self.fearless.Mischievous;
				PRODUCT_NAME = "$(TARGET_NAME)";
			};
			name = Debug;
		};
		653572DD1D1E8C9300C67246 /* Release */ = {
			isa = XCBuildConfiguration;
			buildSettings = {
				ASSETCATALOG_COMPILER_APPICON_NAME = AppIcon;
				INFOPLIST_FILE = Mischievous/Info.plist;
				LD_RUNPATH_SEARCH_PATHS = "$(inherited) @executable_path/Frameworks";
				PRODUCT_BUNDLE_IDENTIFIER = self.fearless.Mischievous;
				PRODUCT_NAME = "$(TARGET_NAME)";
			};
			name = Release;
		};
/* End XCBuildConfiguration section */

/* Begin XCConfigurationList section */
		653572C41D1E8C9300C67246 /* Build configuration list for PBXProject "Mischievous" */ = {
			isa = XCConfigurationList;
			buildConfigurations = (
				653572D91D1E8C9300C67246 /* Debug */,
				653572DA1D1E8C9300C67246 /* Release */,
			);
			defaultConfigurationIsVisible = 0;
			defaultConfigurationName = Release;
		};
		653572DB1D1E8C9300C67246 /* Build configuration list for PBXNativeTarget "Mischievous" */ = {
			isa = XCConfigurationList;
			buildConfigurations = (
				653572DC1D1E8C9300C67246 /* Debug */,
				653572DD1D1E8C9300C67246 /* Release */,
			);
			defaultConfigurationIsVisible = 0;
			defaultConfigurationName = Release;
		};
/* End XCConfigurationList section */
	};
	rootObject = 653572C11D1E8C9300C67246 /* Project object */;
}
